{
    "name": "flux-studis-selfservice-frontend",
    "version": "2022-12-08-3",
    "lockfileVersion": 2,
    "requires": true,
    "packages": {
        "": {
            "name": "flux-studis-selfservice-frontend",
            "version": "2022-12-08-3",
            "hasInstallScript": true
        }
    }
}
